
Microsoft Visual Studio Solution File, Format Version 12.00
# Visual Studio Version 17
VisualStudioVersion = 17.6.33815.320
MinimumVisualStudioVersion = 10.0.40219.1
Project("{FAE04EC0-301F-11D3-BF4B-00C04F79EFBC}") = "InfoBridge", "InfoBridge\InfoBridge.csproj", "{25BFF560-FA88-48AA-A230-E7484E11ADF9}"
EndProject
Global
	GlobalSection(SolutionConfigurationPlatforms) = preSolution
		Debug|Any CPU = Debug|Any CPU
		Release|Any CPU = Release|Any CPU
	EndGlobalSection
	GlobalSection(ProjectConfigurationPlatforms) = postSolution
		{25BFF560-FA88-48AA-A230-E7484E11ADF9}.Debug|Any CPU.ActiveCfg = Debug|Any CPU
		{25BFF560-FA88-48AA-A230-E7484E11ADF9}.Debug|Any CPU.Build.0 = Debug|Any CPU
		{25BFF560-FA88-48AA-A230-E7484E11ADF9}.Release|Any CPU.ActiveCfg = Release|Any CPU
		{25BFF560-FA88-48AA-A230-E7484E11ADF9}.Release|Any CPU.Build.0 = Release|Any CPU
	EndGlobalSection
	GlobalSection(SolutionProperties) = preSolution
		HideSolutionNode = FALSE
	EndGlobalSection
	GlobalSection(ExtensibilityGlobals) = postSolution
		SolutionGuid = {965C84AA-DF18-4C73-90EB-BCE723C8A95E}
	EndGlobalSection
EndGlobal
